Microsoft Visual Studio Solution File, Format Version 12.00
# Visual Studio 2012
Project("{FAE04EC0-301F-11D3-BF4B-00C04F79EFBC}") = "2DOnlienRPG", "2DOnlienRPG.csproj", "{3840240D-9ED5-42AB-B75B-795BAE44749A}"
EndProject
Global
	GlobalSection(SolutionConfigurationPlatforms) = preSolution
	Debug|Any CPU = Debug|Any CPU
	ExportDebug|Any CPU = ExportDebug|Any CPU
	ExportRelease|Any CPU = ExportRelease|Any CPU
	EndGlobalSection
	GlobalSection(ProjectConfigurationPlatforms) = postSolution
		{3840240D-9ED5-42AB-B75B-795BAE44749A}.Debug|Any CPU.ActiveCfg = Debug|Any CPU
		{3840240D-9ED5-42AB-B75B-795BAE44749A}.Debug|Any CPU.Build.0 = Debug|Any CPU
		{3840240D-9ED5-42AB-B75B-795BAE44749A}.ExportDebug|Any CPU.ActiveCfg = ExportDebug|Any CPU
		{3840240D-9ED5-42AB-B75B-795BAE44749A}.ExportDebug|Any CPU.Build.0 = ExportDebug|Any CPU
		{3840240D-9ED5-42AB-B75B-795BAE44749A}.ExportRelease|Any CPU.ActiveCfg = ExportRelease|Any CPU
		{3840240D-9ED5-42AB-B75B-795BAE44749A}.ExportRelease|Any CPU.Build.0 = ExportRelease|Any CPU
	EndGlobalSection
EndGlobal
